{
  "name": "palpiteiro",
  "lockfileVersion": 2,
  "requires": true,
  "packages": {
    "": {
      "dependencies": {
        "@kolkov/angular-editor": "^2.0.0",
        "ngx-custom-validators": "^11.0.1",
        "ngx-editor": "^12.4.1"
      }
    },
    "node_modules/@angular/common": {
      "version": "13.3.9",
      "resolved": "https://registry.npmjs.org/@angular/common/-/common-13.3.9.tgz",
      "integrity": "sha512-+bTleNL1XGlzuxLbVbsol82/33IW2pJasQN8ViraxKIElT2F8ooBJevIBMCSIcdvxvMBGAjn4ayQJr6tkPqPaw==",
      "peer": true,
      "dependencies": {
        "tslib": "^2.3.0"
      },
      "engines": {
        "node": "^12.20.0 || ^14.15.0 || >=16.10.0"
      },
      "peerDependencies": {
        "@angular/core": "13.3.9",
        "rxjs": "^6.5.3 || ^7.4.0"
      }
    },
    "node_modules/@angular/compiler": {
      "version": "11.0.9",
      "resolved": "https://registry.npmjs.org/@angular/compiler/-/compiler-11.0.9.tgz",
      "integrity": "sha512-H2IfS6ciPWN0kmKhbwDuvS8ry5GcRFKfoyA/HGk+nQwCE2nAHC8VNwldbtoisO7XfRWr/uaTrh6z/vdfxsAiHw==",
      "dependencies": {
        "tslib": "^2.0.0"
      }
    },
    "node_modules/@angular/core": {
      "version": "13.3.9",
      "resolved": "https://registry.npmjs.org/@angular/core/-/core-13.3.9.tgz",
      "integrity": "sha512-LaY3yBDgN/efG11x/cwVeuC4gUG3YUMmk/sgAP3L1VGawYOiKoJ76decFpy6y4UgYPShQQRzpZQEVXF405jrLg==",
      "peer": true,
      "dependencies": {
        "tslib": "^2.3.0"
      },
      "engines": {
        "node": "^12.20.0 || ^14.15.0 || >=16.10.0"
      },
      "peerDependencies": {
        "rxjs": "^6.5.3 || ^7.4.0",
        "zone.js": "~0.11.4"
      }
    },
    "node_modules/@angular/forms": {
      "version": "13.3.9",
      "resolved": "https://registry.npmjs.org/@angular/forms/-/forms-13.3.9.tgz",
      "integrity": "sha512-eNOsqMVrMsBceoAJ9pS+2qQDWsgwt62q7abqfYdzSdkjWbnLrtaIPP6iYMGQke1pIcdUSyoun29VsdQTSXXksg==",
      "peer": true,
      "dependencies": {
        "tslib": "^2.3.0"
      },
      "engines": {
        "node": "^12.20.0 || ^14.15.0 || >=16.10.0"
      },
      "peerDependencies": {
        "@angular/common": "13.3.9",
        "@angular/core": "13.3.9",
        "@angular/platform-browser": "13.3.9",
        "rxjs": "^6.5.3 || ^7.4.0"
      }
    },
    "node_modules/@angular/platform-browser": {
      "version": "13.3.9",
      "resolved": "https://registry.npmjs.org/@angular/platform-browser/-/platform-browser-13.3.9.tgz",
      "integrity": "sha512-1l0IVYFbKCEfACR60bfLjH35BYP69CerIW9Ok58pedp0MIUsvPttBzUjM5HhW+3jhvNyO0cCMaK4r5kKTRMo4w==",
      "peer": true,
      "dependencies": {
        "tslib": "^2.3.0"
      },
      "engines": {
        "node": "^12.20.0 || ^14.15.0 || >=16.10.0"
      },
      "peerDependencies": {
        "@angular/animations": "13.3.9",
        "@angular/common": "13.3.9",
        "@angular/core": "13.3.9"
      },
      "peerDependenciesMeta": {
        "@angular/animations": {
          "optional": true
        }
      }
    },
    "node_modules/@floating-ui/core": {
      "version": "0.7.0",
      "resolved": "https://registry.npmjs.org/@floating-ui/core/-/core-0.7.0.tgz",
      "integrity": "sha512-W7+i5Suhhvv97WDTW//KqUA43f/2a4abprM1rWqtLM9lIlJ29tbFI8h232SvqunXon0WmKNEKVjbOsgBhTnbLw=="
    },
    "node_modules/@floating-ui/dom": {
      "version": "0.5.0",
      "resolved": "https://registry.npmjs.org/@floating-ui/dom/-/dom-0.5.0.tgz",
      "integrity": "sha512-PS75dnMg4GdWjDFOiOs15cDzYJpukRNHqQn0ugrBlsrpk2n+y8bwZ24XrsdLSL7kxshmxxr2nTNycLnmRIvV7g==",
      "dependencies": {
        "@floating-ui/core": "^0.7.0"
      }
    },
    "node_modules/@kolkov/angular-editor": {
      "version": "2.0.0",
      "resolved": "https://registry.npmjs.org/@kolkov/angular-editor/-/angular-editor-2.0.0.tgz",
      "integrity": "sha512-61Kxfd5LCiX8NmuT78o4VipaL5mfgKcd6bh5KRbMAMMBrmXH1ANRBeoalfjnd2G9MWVMxV5LBSrMrNp5mXERjA==",
      "dependencies": {
        "tslib": "^2.3.0"
      },
      "peerDependencies": {
        "@angular/common": ">=13 <14",
        "@angular/core": ">=13 <14"
      }
    },
    "node_modules/@types/orderedmap": {
      "version": "1.0.0",
      "resolved": "https://registry.npmjs.org/@types/orderedmap/-/orderedmap-1.0.0.tgz",
      "integrity": "sha512-dxKo80TqYx3YtBipHwA/SdFmMMyLCnP+5mkEqN0eMjcTBzHkiiX0ES118DsjDBjvD+zeSsSU9jULTZ+frog+Gw=="
    },
    "node_modules/@types/prosemirror-commands": {
      "version": "1.0.4",
      "resolved": "https://registry.npmjs.org/@types/prosemirror-commands/-/prosemirror-commands-1.0.4.tgz",
      "integrity": "sha512-utDNYB3EXLjAfYIcRWJe6pn3kcQ5kG4RijbT/0Y/TFOm6yhvYS/D9eJVnijdg9LDjykapcezchxGRqFD5LcyaQ==",
      "dependencies": {
        "@types/prosemirror-model": "*",
        "@types/prosemirror-state": "*",
        "@types/prosemirror-view": "*"
      }
    },
    "node_modules/@types/prosemirror-history": {
      "version": "1.0.3",
      "resolved": "https://registry.npmjs.org/@types/prosemirror-history/-/prosemirror-history-1.0.3.tgz",
      "integrity": "sha512-5TloMDRavgLjOAKXp1Li8u0xcsspzbT1Cm9F2pwHOkgvQOz1jWQb2VIXO7RVNsFjLBZdIXlyfSLivro3DuMWXg==",
      "dependencies": {
        "@types/prosemirror-model": "*",
        "@types/prosemirror-state": "*"
      }
    },
    "node_modules/@types/prosemirror-inputrules": {
      "version": "1.0.4",
      "resolved": "https://registry.npmjs.org/@types/prosemirror-inputrules/-/prosemirror-inputrules-1.0.4.tgz",
      "integrity": "sha512-lJIMpOjO47SYozQybUkpV6QmfuQt7GZKHtVrvS+mR5UekA8NMC5HRIVMyaIauJLWhKU6oaNjpVaXdw41kh165g==",
      "dependencies": {
        "@types/prosemirror-model": "*",
        "@types/prosemirror-state": "*"
      }
    },
    "node_modules/@types/prosemirror-keymap": {
      "version": "1.0.4",
      "resolved": "https://registry.npmjs.org/@types/prosemirror-keymap/-/prosemirror-keymap-1.0.4.tgz",
      "integrity": "sha512-ycevwkqUh+jEQtPwqO7sWGcm+Sybmhu8MpBsM8DlO3+YTKnXbKA6SDz/+q14q1wK3UA8lHJyfR+v+GPxfUSemg==",
      "dependencies": {
        "@types/prosemirror-commands": "*",
        "@types/prosemirror-model": "*",
        "@types/prosemirror-state": "*",
        "@types/prosemirror-view": "*"
      }
    },
    "node_modules/@types/prosemirror-model": {
      "version": "1.16.1",
      "resolved": "https://registry.npmjs.org/@types/prosemirror-model/-/prosemirror-model-1.16.1.tgz",
      "integrity": "sha512-SrrCe2cHlYrQ9o55e2i/c3wt1yRajTTpRLvzfmB+2DWjWEbBLTByVWyjrdpKtQTxAaTeU2aeDGo1iuwl/jF27w==",
      "dependencies": {
        "@types/orderedmap": "*"
      }
    },
    "node_modules/@types/prosemirror-schema-list": {
      "version": "1.0.3",
      "resolved": "https://registry.npmjs.org/@types/prosemirror-schema-list/-/prosemirror-schema-list-1.0.3.tgz",
      "integrity": "sha512-uWybOf+M2Ea7rlbs0yLsS4YJYNGXYtn4N+w8HCw3Vvfl6wBAROzlMt0gV/D/VW/7J/LlAjwMezuGe8xi24HzXA==",
      "dependencies": {
        "@types/orderedmap": "*",
        "@types/prosemirror-model": "*",
        "@types/prosemirror-state": "*"
      }
    },
    "node_modules/@types/prosemirror-state": {
      "version": "1.2.8",
      "resolved": "https://registry.npmjs.org/@types/prosemirror-state/-/prosemirror-state-1.2.8.tgz",
      "integrity": "sha512-mq9uyQWcpu8jeamO6Callrdvf/e1H/aRLR2kZWSpZrPHctEsxWHBbluD/wqVjXBRIOoMHLf6ZvOkrkmGLoCHVA==",
      "dependencies": {
        "@types/prosemirror-model": "*",
        "@types/prosemirror-transform": "*",
        "@types/prosemirror-view": "*"
      }
    },
    "node_modules/@types/prosemirror-transform": {
      "version": "1.4.1",
      "resolved": "https://registry.npmjs.org/@types/prosemirror-transform/-/prosemirror-transform-1.4.1.tgz",
      "integrity": "sha512-WI9YNP4esHXYey1LOy8BcgkITVQXWTHeFB2Bax0kP+15QM27vJ2SCQO/whwNIiPu5E/eRCbrrgbP5Brst65rWw==",
      "dependencies": {
        "@types/prosemirror-model": "*"
      }
    },
    "node_modules/@types/prosemirror-view": {
      "version": "1.23.1",
      "resolved": "https://registry.npmjs.org/@types/prosemirror-view/-/prosemirror-view-1.23.1.tgz",
      "integrity": "sha512-6e1B2oKUnhmZPUrsVvYjDqeVjE6jGezygjtoHsAK4ZENAxHzHqy5NT4jUvdPTWjCYeH0t2Y7pSfRPNrPIyQX4A==",
      "dependencies": {
        "@types/prosemirror-model": "*",
        "@types/prosemirror-state": "*",
        "@types/prosemirror-transform": "*"
      }
    },
    "node_modules/moment": {
      "version": "2.29.3",
      "resolved": "https://registry.npmjs.org/moment/-/moment-2.29.3.tgz",
      "integrity": "sha512-c6YRvhEo//6T2Jz/vVtYzqBzwvPT95JBQ+smCytzf7c50oMZRsR/a4w88aD34I+/QVSfnoAnSBFPJHItlOMJVw==",
      "engines": {
        "node": "*"
      }
    },
    "node_modules/ngx-custom-validators": {
      "version": "11.0.1",
      "resolved": "https://registry.npmjs.org/ngx-custom-validators/-/ngx-custom-validators-11.0.1.tgz",
      "integrity": "sha512-dpbDjekLDLnTZDFKvRREFfVpywl5Z1YBF00nQQ3A9DVZhSXt/YY5vm7/v1ElwiSS1ogLcPZX0Qrl9VKUrvpnvQ==",
      "dependencies": {
        "@angular/common": "~11.0.0",
        "@angular/compiler": "~11.0.0",
        "@angular/core": "~11.0.0",
        "@angular/forms": "~11.0.0",
        "@angular/platform-browser": "~11.0.0",
        "@angular/platform-browser-dynamic": "~11.0.0",
        "moment": "^2.28.0",
        "rxjs": "~6.6.3",
        "tslib": "^2.0.0",
        "zone.js": "~0.11.1"
      },
      "peerDependencies": {
        "@angular/common": "~11.0.0",
        "@angular/core": "~11.0.0",
        "@angular/forms": "~11.0.0"
      }
    },
    "node_modules/ngx-custom-validators/node_modules/@angular/common": {
      "version": "11.0.9",
      "resolved": "https://registry.npmjs.org/@angular/common/-/common-11.0.9.tgz",
      "integrity": "sha512-QYJx+Y7Bmqdwtyk8TZDqF6io7gPaiZnUPrS/JbV/qB1QA8Q0OVaJSRRy/d0ahsc385+OiUhT7gVnbEh92oWXmQ==",
      "dependencies": {
        "tslib": "^2.0.0"
      },
      "peerDependencies": {
        "@angular/core": "11.0.9",
        "rxjs": "^6.5.3"
      }
    },
    "node_modules/ngx-custom-validators/node_modules/@angular/core": {
      "version": "11.0.9",
      "resolved": "https://registry.npmjs.org/@angular/core/-/core-11.0.9.tgz",
      "integrity": "sha512-J0ff3UK2Cw7Z0eNLtUXrpMFvmmkvPPZWLYIwimyc1pZys7qsIVT6cy2ybGEOhbJgC6qt3fo0DoJV3pGXTalb8A==",
      "dependencies": {
        "tslib": "^2.0.0"
      },
      "peerDependencies": {
        "rxjs": "^6.5.3",
        "zone.js": "~0.10.3"
      }
    },
    "node_modules/ngx-custom-validators/node_modules/@angular/forms": {
      "version": "11.0.9",
      "resolved": "https://registry.npmjs.org/@angular/forms/-/forms-11.0.9.tgz",
      "integrity": "sha512-DHi4puesP5iSBToT4FZVqLYZZpZDlAy2wgBe+OhCq7GCIqi8OLejB3bp9BnUd/WnNAHJd3zEjytexih6EPE0Xg==",
      "dependencies": {
        "tslib": "^2.0.0"
      },
      "peerDependencies": {
        "@angular/common": "11.0.9",
        "@angular/core": "11.0.9",
        "@angular/platform-browser": "11.0.9",
        "rxjs": "^6.5.3"
      }
    },
    "node_modules/ngx-custom-validators/node_modules/@angular/platform-browser": {
      "version": "11.0.9",
      "resolved": "https://registry.npmjs.org/@angular/platform-browser/-/platform-browser-11.0.9.tgz",
      "integrity": "sha512-snuq8SaIRuVDYJLy80kYCEuVITZZbtG3PvxamATvzpgYpAzBskToc4/7LKJk0IEVSMvKzi8eSBCDaK2f2ZJB3A==",
      "dependencies": {
        "tslib": "^2.0.0"
      },
      "peerDependencies": {
        "@angular/animations": "11.0.9",
        "@angular/common": "11.0.9",
        "@angular/core": "11.0.9"
      },
      "peerDependenciesMeta": {
        "@angular/animations": {
          "optional": true
        }
      }
    },
    "node_modules/ngx-custom-validators/node_modules/@angular/platform-browser-dynamic": {
      "version": "11.0.9",
      "resolved": "https://registry.npmjs.org/@angular/platform-browser-dynamic/-/platform-browser-dynamic-11.0.9.tgz",
      "integrity": "sha512-OCbXCXxPvpPu7vh3Ra1X+FfqA27TP2NcL/AlWhPTSGB+ggrEUgfdUjBSsULpMVPsD6pG/runGdM9CQjEK7g+DQ==",
      "dependencies": {
        "tslib": "^2.0.0"
      },
      "peerDependencies": {
        "@angular/common": "11.0.9",
        "@angular/compiler": "11.0.9",
        "@angular/core": "11.0.9",
        "@angular/platform-browser": "11.0.9"
      }
    },
    "node_modules/ngx-custom-validators/node_modules/rxjs": {
      "version": "6.6.7",
      "resolved": "https://registry.npmjs.org/rxjs/-/rxjs-6.6.7.tgz",
      "integrity": "sha512-hTdwr+7yYNIT5n4AMYp85KA6yw2Va0FLa3Rguvbpa4W3I5xynaBZo41cM3XM+4Q6fRMj3sBYIR1VAmZMXYJvRQ==",
      "dependencies": {
        "tslib": "^1.9.0"
      },
      "engines": {
        "npm": ">=2.0.0"
      }
    },
    "node_modules/ngx-custom-validators/node_modules/rxjs/node_modules/tslib": {
      "version": "1.14.1",
      "resolved": "https://registry.npmjs.org/tslib/-/tslib-1.14.1.tgz",
      "integrity": "sha512-Xni35NKzjgMrwevysHTCArtLDpPvye8zV/0E4EyYn43P7/7qvQwPh9BGkHewbMulVntbigmcT7rdX3BNo9wRJg=="
    },
    "node_modules/ngx-editor": {
      "version": "12.4.1",
      "resolved": "https://registry.npmjs.org/ngx-editor/-/ngx-editor-12.4.1.tgz",
      "integrity": "sha512-2Bd5H1v97cZ07GUMjbbeJm8OqpFaQwOsJRKEylWyziy9rux9NyDb9WELSorfPYZatyA9wXk5TCVkJ1XJ9nIGww==",
      "dependencies": {
        "@floating-ui/core": "^0.7.0",
        "@floating-ui/dom": "^0.5.0",
        "@types/prosemirror-commands": "1.0.4",
        "@types/prosemirror-history": "1.0.3",
        "@types/prosemirror-inputrules": "1.0.4",
        "@types/prosemirror-keymap": "1.0.4",
        "@types/prosemirror-model": "1.16.1",
        "@types/prosemirror-schema-list": "1.0.3",
        "@types/prosemirror-state": "1.2.8",
        "@types/prosemirror-view": "1.23.1",
        "prosemirror-commands": "^1.2.2",
        "prosemirror-history": "^1.2.0",
        "prosemirror-inputrules": "^1.1.3",
        "prosemirror-keymap": "^1.1.5",
        "prosemirror-model": "^1.16.1",
        "prosemirror-schema-list": "^1.1.6",
        "prosemirror-state": "^1.3.4",
        "prosemirror-view": "^1.23.12",
        "tslib": "^2.3.0"
      },
      "peerDependencies": {
        "@angular/common": ">=13.0.0",
        "@angular/core": ">=13.0.0",
        "@angular/forms": ">=13.0.0",
        "@angular/platform-browser": ">=13.0.0",
        "rxjs": ">=7.4.0"
      }
    },
    "node_modules/orderedmap": {
      "version": "1.1.7",
      "resolved": "https://registry.npmjs.org/orderedmap/-/orderedmap-1.1.7.tgz",
      "integrity": "sha512-B1SuadDDwIRXXutaJQ1xjreGL3hxujpexBG4PquoXbgJD8bjp2k8b8qI/mk7q0LUdIx7T8IALWB8mPbfsjbGCw=="
    },
    "node_modules/prosemirror-commands": {
      "version": "1.2.2",
      "resolved": "https://registry.npmjs.org/prosemirror-commands/-/prosemirror-commands-1.2.2.tgz",
      "integrity": "sha512-TX+KpWudMon06frryfpO/u7hsQv2hu8L4VSVbCpi3/7wXHBgl+35mV85qfa3RpT8xD2f3MdeoTqH0vy5JdbXPg==",
      "dependencies": {
        "prosemirror-model": "^1.0.0",
        "prosemirror-state": "^1.0.0",
        "prosemirror-transform": "^1.0.0"
      }
    },
    "node_modules/prosemirror-history": {
      "version": "1.2.0",
      "resolved": "https://registry.npmjs.org/prosemirror-history/-/prosemirror-history-1.2.0.tgz",
      "integrity": "sha512-B9v9xtf4fYbKxQwIr+3wtTDNLDZcmMMmGiI3TAPShnUzvo+Rmv1GiUrsQChY1meetHl7rhML2cppF3FTs7f7UQ==",
      "dependencies": {
        "prosemirror-state": "^1.2.2",
        "prosemirror-transform": "^1.0.0",
        "rope-sequence": "^1.3.0"
      }
    },
    "node_modules/prosemirror-inputrules": {
      "version": "1.1.3",
      "resolved": "https://registry.npmjs.org/prosemirror-inputrules/-/prosemirror-inputrules-1.1.3.tgz",
      "integrity": "sha512-ZaHCLyBtvbyIHv0f5p6boQTIJjlD6o2NPZiEaZWT2DA+j591zS29QQEMT4lBqwcLW3qRSf7ZvoKNbf05YrsStw==",
      "dependencies": {
        "prosemirror-state": "^1.0.0",
        "prosemirror-transform": "^1.0.0"
      }
    },
    "node_modules/prosemirror-keymap": {
      "version": "1.1.5",
      "resolved": "https://registry.npmjs.org/prosemirror-keymap/-/prosemirror-keymap-1.1.5.tgz",
      "integrity": "sha512-8SZgPH3K+GLsHL2wKuwBD9rxhsbnVBTwpHCO4VUO5GmqUQlxd/2GtBVWTsyLq4Dp3N9nGgPd3+lZFKUDuVp+Vw==",
      "dependencies": {
        "prosemirror-state": "^1.0.0",
        "w3c-keyname": "^2.2.0"
      }
    },
    "node_modules/prosemirror-model": {
      "version": "1.16.1",
      "resolved": "https://registry.npmjs.org/prosemirror-model/-/prosemirror-model-1.16.1.tgz",
      "integrity": "sha512-r1/w0HDU40TtkXp0DyKBnFPYwd8FSlUSJmGCGFv4DeynfeSlyQF2FD0RQbVEMOe6P3PpUSXM6LZBV7W/YNZ4mA==",
      "dependencies": {
        "orderedmap": "^1.1.0"
      }
    },
    "node_modules/prosemirror-schema-list": {
      "version": "1.1.6",
      "resolved": "https://registry.npmjs.org/prosemirror-schema-list/-/prosemirror-schema-list-1.1.6.tgz",
      "integrity": "sha512-aFGEdaCWmJzouZ8DwedmvSsL50JpRkqhQ6tcpThwJONVVmCgI36LJHtoQ4VGZbusMavaBhXXr33zyD2IVsTlkw==",
      "dependencies": {
        "prosemirror-model": "^1.0.0",
        "prosemirror-transform": "^1.0.0"
      }
    },
    "node_modules/prosemirror-state": {
      "version": "1.3.4",
      "resolved": "https://registry.npmjs.org/prosemirror-state/-/prosemirror-state-1.3.4.tgz",
      "integrity": "sha512-Xkkrpd1y/TQ6HKzN3agsQIGRcLckUMA9u3j207L04mt8ToRgpGeyhbVv0HI7omDORIBHjR29b7AwlATFFf2GLA==",
      "dependencies": {
        "prosemirror-model": "^1.0.0",
        "prosemirror-transform": "^1.0.0"
      }
    },
    "node_modules/prosemirror-transform": {
      "version": "1.4.2",
      "resolved": "https://registry.npmjs.org/prosemirror-transform/-/prosemirror-transform-1.4.2.tgz",
      "integrity": "sha512-bcIsf3uRZhfab0xRfyyxOEh6eqSszq/hJbDbmUumFnbHBoWhB/uXbpz6vvUxfk0XiEvrZDJ+5pXRrNDc1Hu3vQ==",
      "dependencies": {
        "prosemirror-model": "^1.0.0"
      }
    },
    "node_modules/prosemirror-view": {
      "version": "1.23.13",
      "resolved": "https://registry.npmjs.org/prosemirror-view/-/prosemirror-view-1.23.13.tgz",
      "integrity": "sha512-X/NcwZv8pgcEWfs3n++Wz4nDgqDIeDvJ9kfCk6DCoC9XUlDekqJLFt9wCcCUBXedb8hs/dmd+JmcaLgbr67XZw==",
      "dependencies": {
        "prosemirror-model": "^1.16.0",
        "prosemirror-state": "^1.0.0",
        "prosemirror-transform": "^1.1.0"
      }
    },
    "node_modules/rope-sequence": {
      "version": "1.3.3",
      "resolved": "https://registry.npmjs.org/rope-sequence/-/rope-sequence-1.3.3.tgz",
      "integrity": "sha512-85aZYCxweiD5J8yTEbw+E6A27zSnLPNDL0WfPdw3YYodq7WjnTKo0q4dtyQ2gz23iPT8Q9CUyJtAaUNcTxRf5Q=="
    },
    "node_modules/rxjs": {
      "version": "7.5.5",
      "resolved": "https://registry.npmjs.org/rxjs/-/rxjs-7.5.5.tgz",
      "integrity": "sha512-sy+H0pQofO95VDmFLzyaw9xNJU4KTRSwQIGM6+iG3SypAtCiLDzpeG8sJrNCWn2Up9km+KhkvTdbkrdy+yzZdw==",
      "peer": true,
      "dependencies": {
        "tslib": "^2.1.0"
      }
    },
    "node_modules/tslib": {
      "version": "2.4.0",
      "resolved": "https://registry.npmjs.org/tslib/-/tslib-2.4.0.tgz",
      "integrity": "sha512-d6xOpEDfsi2CZVlPQzGeux8XMwLT9hssAsaPYExaQMuYskwb+x1x7J371tWlbBdWHroy99KnVB6qIkUbs5X3UQ=="
    },
    "node_modules/w3c-keyname": {
      "version": "2.2.4",
      "resolved": "https://registry.npmjs.org/w3c-keyname/-/w3c-keyname-2.2.4.tgz",
      "integrity": "sha512-tOhfEwEzFLJzf6d1ZPkYfGj+FWhIpBux9ppoP3rlclw3Z0BZv3N7b7030Z1kYth+6rDuAsXUFr+d0VE6Ed1ikw=="
    },
    "node_modules/zone.js": {
      "version": "0.11.5",
      "resolved": "https://registry.npmjs.org/zone.js/-/zone.js-0.11.5.tgz",
      "integrity": "sha512-D1/7VxEuQ7xk6z/kAROe4SUbd9CzxY4zOwVGnGHerd/SgLIVU5f4esDzQUsOCeArn933BZfWMKydH7l7dPEp0g==",
      "dependencies": {
        "tslib": "^2.3.0"
      }
    }
  },
  "dependencies": {
    "@angular/common": {
      "version": "13.3.9",
      "resolved": "https://registry.npmjs.org/@angular/common/-/common-13.3.9.tgz",
      "integrity": "sha512-+bTleNL1XGlzuxLbVbsol82/33IW2pJasQN8ViraxKIElT2F8ooBJevIBMCSIcdvxvMBGAjn4ayQJr6tkPqPaw==",
      "peer": true,
      "requires": {
        "tslib": "^2.3.0"
      }
    },
    "@angular/compiler": {
      "version": "11.0.9",
      "resolved": "https://registry.npmjs.org/@angular/compiler/-/compiler-11.0.9.tgz",
      "integrity": "sha512-H2IfS6ciPWN0kmKhbwDuvS8ry5GcRFKfoyA/HGk+nQwCE2nAHC8VNwldbtoisO7XfRWr/uaTrh6z/vdfxsAiHw==",
      "requires": {
        "tslib": "^2.0.0"
      }
    },
    "@angular/core": {
      "version": "13.3.9",
      "resolved": "https://registry.npmjs.org/@angular/core/-/core-13.3.9.tgz",
      "integrity": "sha512-LaY3yBDgN/efG11x/cwVeuC4gUG3YUMmk/sgAP3L1VGawYOiKoJ76decFpy6y4UgYPShQQRzpZQEVXF405jrLg==",
      "peer": true,
      "requires": {
        "tslib": "^2.3.0"
      }
    },
    "@angular/forms": {
      "version": "13.3.9",
      "resolved": "https://registry.npmjs.org/@angular/forms/-/forms-13.3.9.tgz",
      "integrity": "sha512-eNOsqMVrMsBceoAJ9pS+2qQDWsgwt62q7abqfYdzSdkjWbnLrtaIPP6iYMGQke1pIcdUSyoun29VsdQTSXXksg==",
      "peer": true,
      "requires": {
        "tslib": "^2.3.0"
      }
    },
    "@angular/platform-browser": {
      "version": "13.3.9",
      "resolved": "https://registry.npmjs.org/@angular/platform-browser/-/platform-browser-13.3.9.tgz",
      "integrity": "sha512-1l0IVYFbKCEfACR60bfLjH35BYP69CerIW9Ok58pedp0MIUsvPttBzUjM5HhW+3jhvNyO0cCMaK4r5kKTRMo4w==",
      "peer": true,
      "requires": {
        "tslib": "^2.3.0"
      }
    },
    "@floating-ui/core": {
      "version": "0.7.0",
      "resolved": "https://registry.npmjs.org/@floating-ui/core/-/core-0.7.0.tgz",
      "integrity": "sha512-W7+i5Suhhvv97WDTW//KqUA43f/2a4abprM1rWqtLM9lIlJ29tbFI8h232SvqunXon0WmKNEKVjbOsgBhTnbLw=="
    },
    "@floating-ui/dom": {
      "version": "0.5.0",
      "resolved": "https://registry.npmjs.org/@floating-ui/dom/-/dom-0.5.0.tgz",
      "integrity": "sha512-PS75dnMg4GdWjDFOiOs15cDzYJpukRNHqQn0ugrBlsrpk2n+y8bwZ24XrsdLSL7kxshmxxr2nTNycLnmRIvV7g==",
      "requires": {
        "@floating-ui/core": "^0.7.0"
      }
    },
    "@kolkov/angular-editor": {
      "version": "2.0.0",
      "resolved": "https://registry.npmjs.org/@kolkov/angular-editor/-/angular-editor-2.0.0.tgz",
      "integrity": "sha512-61Kxfd5LCiX8NmuT78o4VipaL5mfgKcd6bh5KRbMAMMBrmXH1ANRBeoalfjnd2G9MWVMxV5LBSrMrNp5mXERjA==",
      "requires": {
        "tslib": "^2.3.0"
      }
    },
    "@types/orderedmap": {
      "version": "1.0.0",
      "resolved": "https://registry.npmjs.org/@types/orderedmap/-/orderedmap-1.0.0.tgz",
      "integrity": "sha512-dxKo80TqYx3YtBipHwA/SdFmMMyLCnP+5mkEqN0eMjcTBzHkiiX0ES118DsjDBjvD+zeSsSU9jULTZ+frog+Gw=="
    },
    "@types/prosemirror-commands": {
      "version": "1.0.4",
      "resolved": "https://registry.npmjs.org/@types/prosemirror-commands/-/prosemirror-commands-1.0.4.tgz",
      "integrity": "sha512-utDNYB3EXLjAfYIcRWJe6pn3kcQ5kG4RijbT/0Y/TFOm6yhvYS/D9eJVnijdg9LDjykapcezchxGRqFD5LcyaQ==",
      "requires": {
        "@types/prosemirror-model": "*",
        "@types/prosemirror-state": "*",
        "@types/prosemirror-view": "*"
      }
    },
    "@types/prosemirror-history": {
      "version": "1.0.3",
      "resolved": "https://registry.npmjs.org/@types/prosemirror-history/-/prosemirror-history-1.0.3.tgz",
      "integrity": "sha512-5TloMDRavgLjOAKXp1Li8u0xcsspzbT1Cm9F2pwHOkgvQOz1jWQb2VIXO7RVNsFjLBZdIXlyfSLivro3DuMWXg==",
      "requires": {
        "@types/prosemirror-model": "*",
        "@types/prosemirror-state": "*"
      }
    },
    "@types/prosemirror-inputrules": {
      "version": "1.0.4",
      "resolved": "https://registry.npmjs.org/@types/prosemirror-inputrules/-/prosemirror-inputrules-1.0.4.tgz",
      "integrity": "sha512-lJIMpOjO47SYozQybUkpV6QmfuQt7GZKHtVrvS+mR5UekA8NMC5HRIVMyaIauJLWhKU6oaNjpVaXdw41kh165g==",
      "requires": {
        "@types/prosemirror-model": "*",
        "@types/prosemirror-state": "*"
      }
    },
    "@types/prosemirror-keymap": {
      "version": "1.0.4",
      "resolved": "https://registry.npmjs.org/@types/prosemirror-keymap/-/prosemirror-keymap-1.0.4.tgz",
      "integrity": "sha512-ycevwkqUh+jEQtPwqO7sWGcm+Sybmhu8MpBsM8DlO3+YTKnXbKA6SDz/+q14q1wK3UA8lHJyfR+v+GPxfUSemg==",
      "requires": {
        "@types/prosemirror-commands": "*",
        "@types/prosemirror-model": "*",
        "@types/prosemirror-state": "*",
        "@types/prosemirror-view": "*"
      }
    },
    "@types/prosemirror-model": {
      "version": "1.16.1",
      "resolved": "https://registry.npmjs.org/@types/prosemirror-model/-/prosemirror-model-1.16.1.tgz",
      "integrity": "sha512-SrrCe2cHlYrQ9o55e2i/c3wt1yRajTTpRLvzfmB+2DWjWEbBLTByVWyjrdpKtQTxAaTeU2aeDGo1iuwl/jF27w==",
      "requires": {
        "@types/orderedmap": "*"
      }
    },
    "@types/prosemirror-schema-list": {
      "version": "1.0.3",
      "resolved": "https://registry.npmjs.org/@types/prosemirror-schema-list/-/prosemirror-schema-list-1.0.3.tgz",
      "integrity": "sha512-uWybOf+M2Ea7rlbs0yLsS4YJYNGXYtn4N+w8HCw3Vvfl6wBAROzlMt0gV/D/VW/7J/LlAjwMezuGe8xi24HzXA==",
      "requires": {
        "@types/orderedmap": "*",
        "@types/prosemirror-model": "*",
        "@types/prosemirror-state": "*"
      }
    },
    "@types/prosemirror-state": {
      "version": "1.2.8",
      "resolved": "https://registry.npmjs.org/@types/prosemirror-state/-/prosemirror-state-1.2.8.tgz",
      "integrity": "sha512-mq9uyQWcpu8jeamO6Callrdvf/e1H/aRLR2kZWSpZrPHctEsxWHBbluD/wqVjXBRIOoMHLf6ZvOkrkmGLoCHVA==",
      "requires": {
        "@types/prosemirror-model": "*",
        "@types/prosemirror-transform": "*",
        "@types/prosemirror-view": "*"
      }
    },
    "@types/prosemirror-transform": {
      "version": "1.4.1",
      "resolved": "https://registry.npmjs.org/@types/prosemirror-transform/-/prosemirror-transform-1.4.1.tgz",
      "integrity": "sha512-WI9YNP4esHXYey1LOy8BcgkITVQXWTHeFB2Bax0kP+15QM27vJ2SCQO/whwNIiPu5E/eRCbrrgbP5Brst65rWw==",
      "requires": {
        "@types/prosemirror-model": "*"
      }
    },
    "@types/prosemirror-view": {
      "version": "1.23.1",
      "resolved": "https://registry.npmjs.org/@types/prosemirror-view/-/prosemirror-view-1.23.1.tgz",
      "integrity": "sha512-6e1B2oKUnhmZPUrsVvYjDqeVjE6jGezygjtoHsAK4ZENAxHzHqy5NT4jUvdPTWjCYeH0t2Y7pSfRPNrPIyQX4A==",
      "requires": {
        "@types/prosemirror-model": "*",
        "@types/prosemirror-state": "*",
        "@types/prosemirror-transform": "*"
      }
    },
    "moment": {
      "version": "2.29.3",
      "resolved": "https://registry.npmjs.org/moment/-/moment-2.29.3.tgz",
      "integrity": "sha512-c6YRvhEo//6T2Jz/vVtYzqBzwvPT95JBQ+smCytzf7c50oMZRsR/a4w88aD34I+/QVSfnoAnSBFPJHItlOMJVw=="
    },
    "ngx-custom-validators": {
      "version": "11.0.1",
      "resolved": "https://registry.npmjs.org/ngx-custom-validators/-/ngx-custom-validators-11.0.1.tgz",
      "integrity": "sha512-dpbDjekLDLnTZDFKvRREFfVpywl5Z1YBF00nQQ3A9DVZhSXt/YY5vm7/v1ElwiSS1ogLcPZX0Qrl9VKUrvpnvQ==",
      "requires": {
        "@angular/common": "~11.0.0",
        "@angular/compiler": "~11.0.0",
        "@angular/core": "~11.0.0",
        "@angular/forms": "~11.0.0",
        "@angular/platform-browser": "~11.0.0",
        "@angular/platform-browser-dynamic": "~11.0.0",
        "moment": "^2.28.0",
        "rxjs": "~6.6.3",
        "tslib": "^2.0.0",
        "zone.js": "~0.11.1"
      },
      "dependencies": {
        "@angular/common": {
          "version": "11.0.9",
          "resolved": "https://registry.npmjs.org/@angular/common/-/common-11.0.9.tgz",
          "integrity": "sha512-QYJx+Y7Bmqdwtyk8TZDqF6io7gPaiZnUPrS/JbV/qB1QA8Q0OVaJSRRy/d0ahsc385+OiUhT7gVnbEh92oWXmQ==",
          "requires": {
            "tslib": "^2.0.0"
          }
        },
        "@angular/core": {
          "version": "11.0.9",
          "resolved": "https://registry.npmjs.org/@angular/core/-/core-11.0.9.tgz",
          "integrity": "sha512-J0ff3UK2Cw7Z0eNLtUXrpMFvmmkvPPZWLYIwimyc1pZys7qsIVT6cy2ybGEOhbJgC6qt3fo0DoJV3pGXTalb8A==",
          "requires": {
            "tslib": "^2.0.0"
          }
        },
        "@angular/forms": {
          "version": "11.0.9",
          "resolved": "https://registry.npmjs.org/@angular/forms/-/forms-11.0.9.tgz",
          "integrity": "sha512-DHi4puesP5iSBToT4FZVqLYZZpZDlAy2wgBe+OhCq7GCIqi8OLejB3bp9BnUd/WnNAHJd3zEjytexih6EPE0Xg==",
          "requires": {
            "tslib": "^2.0.0"
          }
        },
        "@angular/platform-browser": {
          "version": "11.0.9",
          "resolved": "https://registry.npmjs.org/@angular/platform-browser/-/platform-browser-11.0.9.tgz",
          "integrity": "sha512-snuq8SaIRuVDYJLy80kYCEuVITZZbtG3PvxamATvzpgYpAzBskToc4/7LKJk0IEVSMvKzi8eSBCDaK2f2ZJB3A==",
          "requires": {
            "tslib": "^2.0.0"
          }
        },
        "@angular/platform-browser-dynamic": {
          "version": "11.0.9",
          "resolved": "https://registry.npmjs.org/@angular/platform-browser-dynamic/-/platform-browser-dynamic-11.0.9.tgz",
          "integrity": "sha512-OCbXCXxPvpPu7vh3Ra1X+FfqA27TP2NcL/AlWhPTSGB+ggrEUgfdUjBSsULpMVPsD6pG/runGdM9CQjEK7g+DQ==",
          "requires": {
            "tslib": "^2.0.0"
          }
        },
        "rxjs": {
          "version": "6.6.7",
          "resolved": "https://registry.npmjs.org/rxjs/-/rxjs-6.6.7.tgz",
          "integrity": "sha512-hTdwr+7yYNIT5n4AMYp85KA6yw2Va0FLa3Rguvbpa4W3I5xynaBZo41cM3XM+4Q6fRMj3sBYIR1VAmZMXYJvRQ==",
          "requires": {
            "tslib": "^1.9.0"
          },
          "dependencies": {
            "tslib": {
              "version": "1.14.1",
              "resolved": "https://registry.npmjs.org/tslib/-/tslib-1.14.1.tgz",
              "integrity": "sha512-Xni35NKzjgMrwevysHTCArtLDpPvye8zV/0E4EyYn43P7/7qvQwPh9BGkHewbMulVntbigmcT7rdX3BNo9wRJg=="
            }
          }
        }
      }
    },
    "ngx-editor": {
      "version": "12.4.1",
      "resolved": "https://registry.npmjs.org/ngx-editor/-/ngx-editor-12.4.1.tgz",
      "integrity": "sha512-2Bd5H1v97cZ07GUMjbbeJm8OqpFaQwOsJRKEylWyziy9rux9NyDb9WELSorfPYZatyA9wXk5TCVkJ1XJ9nIGww==",
      "requires": {
        "@floating-ui/core": "^0.7.0",
        "@floating-ui/dom": "^0.5.0",
        "@types/prosemirror-commands": "1.0.4",
        "@types/prosemirror-history": "1.0.3",
        "@types/prosemirror-inputrules": "1.0.4",
        "@types/prosemirror-keymap": "1.0.4",
        "@types/prosemirror-model": "1.16.1",
        "@types/prosemirror-schema-list": "1.0.3",
        "@types/prosemirror-state": "1.2.8",
        "@types/prosemirror-view": "1.23.1",
        "prosemirror-commands": "^1.2.2",
        "prosemirror-history": "^1.2.0",
        "prosemirror-inputrules": "^1.1.3",
        "prosemirror-keymap": "^1.1.5",
        "prosemirror-model": "^1.16.1",
        "prosemirror-schema-list": "^1.1.6",
        "prosemirror-state": "^1.3.4",
        "prosemirror-view": "^1.23.12",
        "tslib": "^2.3.0"
      }
    },
    "orderedmap": {
      "version": "1.1.7",
      "resolved": "https://registry.npmjs.org/orderedmap/-/orderedmap-1.1.7.tgz",
      "integrity": "sha512-B1SuadDDwIRXXutaJQ1xjreGL3hxujpexBG4PquoXbgJD8bjp2k8b8qI/mk7q0LUdIx7T8IALWB8mPbfsjbGCw=="
    },
    "prosemirror-commands": {
      "version": "1.2.2",
      "resolved": "https://registry.npmjs.org/prosemirror-commands/-/prosemirror-commands-1.2.2.tgz",
      "integrity": "sha512-TX+KpWudMon06frryfpO/u7hsQv2hu8L4VSVbCpi3/7wXHBgl+35mV85qfa3RpT8xD2f3MdeoTqH0vy5JdbXPg==",
      "requires": {
        "prosemirror-model": "^1.0.0",
        "prosemirror-state": "^1.0.0",
        "prosemirror-transform": "^1.0.0"
      }
    },
    "prosemirror-history": {
      "version": "1.2.0",
      "resolved": "https://registry.npmjs.org/prosemirror-history/-/prosemirror-history-1.2.0.tgz",
      "integrity": "sha512-B9v9xtf4fYbKxQwIr+3wtTDNLDZcmMMmGiI3TAPShnUzvo+Rmv1GiUrsQChY1meetHl7rhML2cppF3FTs7f7UQ==",
      "requires": {
        "prosemirror-state": "^1.2.2",
        "prosemirror-transform": "^1.0.0",
        "rope-sequence": "^1.3.0"
      }
    },
    "prosemirror-inputrules": {
      "version": "1.1.3",
      "resolved": "https://registry.npmjs.org/prosemirror-inputrules/-/prosemirror-inputrules-1.1.3.tgz",
      "integrity": "sha512-ZaHCLyBtvbyIHv0f5p6boQTIJjlD6o2NPZiEaZWT2DA+j591zS29QQEMT4lBqwcLW3qRSf7ZvoKNbf05YrsStw==",
      "requires": {
        "prosemirror-state": "^1.0.0",
        "prosemirror-transform": "^1.0.0"
      }
    },
    "prosemirror-keymap": {
      "version": "1.1.5",
      "resolved": "https://registry.npmjs.org/prosemirror-keymap/-/prosemirror-keymap-1.1.5.tgz",
      "integrity": "sha512-8SZgPH3K+GLsHL2wKuwBD9rxhsbnVBTwpHCO4VUO5GmqUQlxd/2GtBVWTsyLq4Dp3N9nGgPd3+lZFKUDuVp+Vw==",
      "requires": {
        "prosemirror-state": "^1.0.0",
        "w3c-keyname": "^2.2.0"
      }
    },
    "prosemirror-model": {
      "version": "1.16.1",
      "resolved": "https://registry.npmjs.org/prosemirror-model/-/prosemirror-model-1.16.1.tgz",
      "integrity": "sha512-r1/w0HDU40TtkXp0DyKBnFPYwd8FSlUSJmGCGFv4DeynfeSlyQF2FD0RQbVEMOe6P3PpUSXM6LZBV7W/YNZ4mA==",
      "requires": {
        "orderedmap": "^1.1.0"
      }
    },
    "prosemirror-schema-list": {
      "version": "1.1.6",
      "resolved": "https://registry.npmjs.org/prosemirror-schema-list/-/prosemirror-schema-list-1.1.6.tgz",
      "integrity": "sha512-aFGEdaCWmJzouZ8DwedmvSsL50JpRkqhQ6tcpThwJONVVmCgI36LJHtoQ4VGZbusMavaBhXXr33zyD2IVsTlkw==",
      "requires": {
        "prosemirror-model": "^1.0.0",
        "prosemirror-transform": "^1.0.0"
      }
    },
    "prosemirror-state": {
      "version": "1.3.4",
      "resolved": "https://registry.npmjs.org/prosemirror-state/-/prosemirror-state-1.3.4.tgz",
      "integrity": "sha512-Xkkrpd1y/TQ6HKzN3agsQIGRcLckUMA9u3j207L04mt8ToRgpGeyhbVv0HI7omDORIBHjR29b7AwlATFFf2GLA==",
      "requires": {
        "prosemirror-model": "^1.0.0",
        "prosemirror-transform": "^1.0.0"
      }
    },
    "prosemirror-transform": {
      "version": "1.4.2",
      "resolved": "https://registry.npmjs.org/prosemirror-transform/-/prosemirror-transform-1.4.2.tgz",
      "integrity": "sha512-bcIsf3uRZhfab0xRfyyxOEh6eqSszq/hJbDbmUumFnbHBoWhB/uXbpz6vvUxfk0XiEvrZDJ+5pXRrNDc1Hu3vQ==",
      "requires": {
        "prosemirror-model": "^1.0.0"
      }
    },
    "prosemirror-view": {
      "version": "1.23.13",
      "resolved": "https://registry.npmjs.org/prosemirror-view/-/prosemirror-view-1.23.13.tgz",
      "integrity": "sha512-X/NcwZv8pgcEWfs3n++Wz4nDgqDIeDvJ9kfCk6DCoC9XUlDekqJLFt9wCcCUBXedb8hs/dmd+JmcaLgbr67XZw==",
      "requires": {
        "prosemirror-model": "^1.16.0",
        "prosemirror-state": "^1.0.0",
        "prosemirror-transform": "^1.1.0"
      }
    },
    "rope-sequence": {
      "version": "1.3.3",
      "resolved": "https://registry.npmjs.org/rope-sequence/-/rope-sequence-1.3.3.tgz",
      "integrity": "sha512-85aZYCxweiD5J8yTEbw+E6A27zSnLPNDL0WfPdw3YYodq7WjnTKo0q4dtyQ2gz23iPT8Q9CUyJtAaUNcTxRf5Q=="
    },
    "rxjs": {
      "version": "7.5.5",
      "resolved": "https://registry.npmjs.org/rxjs/-/rxjs-7.5.5.tgz",
      "integrity": "sha512-sy+H0pQofO95VDmFLzyaw9xNJU4KTRSwQIGM6+iG3SypAtCiLDzpeG8sJrNCWn2Up9km+KhkvTdbkrdy+yzZdw==",
      "peer": true,
      "requires": {
        "tslib": "^2.1.0"
      }
    },
    "tslib": {
      "version": "2.4.0",
      "resolved": "https://registry.npmjs.org/tslib/-/tslib-2.4.0.tgz",
      "integrity": "sha512-d6xOpEDfsi2CZVlPQzGeux8XMwLT9hssAsaPYExaQMuYskwb+x1x7J371tWlbBdWHroy99KnVB6qIkUbs5X3UQ=="
    },
    "w3c-keyname": {
      "version": "2.2.4",
      "resolved": "https://registry.npmjs.org/w3c-keyname/-/w3c-keyname-2.2.4.tgz",
      "integrity": "sha512-tOhfEwEzFLJzf6d1ZPkYfGj+FWhIpBux9ppoP3rlclw3Z0BZv3N7b7030Z1kYth+6rDuAsXUFr+d0VE6Ed1ikw=="
    },
    "zone.js": {
      "version": "0.11.5",
      "resolved": "https://registry.npmjs.org/zone.js/-/zone.js-0.11.5.tgz",
      "integrity": "sha512-D1/7VxEuQ7xk6z/kAROe4SUbd9CzxY4zOwVGnGHerd/SgLIVU5f4esDzQUsOCeArn933BZfWMKydH7l7dPEp0g==",
      "requires": {
        "tslib": "^2.3.0"
      }
    }
  }
}
